{
  "name": "@askalf/keeper",
  "version": "0.1.0",
  "lockfileVersion": 3,
  "requires": true,
  "packages": {
    "": {
      "name": "@askalf/keeper",
      "version": "0.1.0",
      "license": "MIT",
      "dependencies": {
        "@askalf/warden": "github:askalf/warden#354e1b1ab552c60124b3e8f68cdb52e357937f73"
      },
      "bin": {
        "keeper": "src/cli.mjs"
      },
      "engines": {
        "node": ">=20"
      }
    },
    "node_modules/@askalf/warden": {
      "version": "0.2.1",
      "resolved": "git+ssh://git@github.com/askalf/warden.git#354e1b1ab552c60124b3e8f68cdb52e357937f73",
      "integrity": "sha512-k5yOPwgMNP4nP8G+Xd1fGEjb/USU60XrS6vK5JMFc4vAesZE8wUAQl8UKglDMosmR3GJato16hkFhk1TzP4FrQ==",
      "license": "MIT",
      "bin": {
        "warden": "src/cli.mjs",
        "warden-hook": "src/cc-hook.mjs",
        "warden-mcp": "src/mcp-proxy-cli.mjs",
        "warden-serve": "src/daemon-cli.mjs"
      },
      "engines": {
        "node": ">=20"
      }
    }
  }
}
